// !$*UTF8*$!
{
	archiveVersion = 1;
	classes = {
	};
	objectVersion = 55;
	objects = {

/* Begin PBXBuildFile section */
		99207D6D2A03986A00F878EB /* AppDelegate.m in Sources */ = {isa = PBXBuildFile; fileRef = 99207D6C2A03986A00F878EB /* AppDelegate.m */; };
		99207D732A03986A00F878EB /* ViewController.m in Sources */ = {isa = PBXBuildFile; fileRef = 99207D722A03986A00F878EB /* ViewController.m */; };
		99207D782A03986D00F878EB /* Assets.xcassets in Resources */ = {isa = PBXBuildFile; fileRef = 99207D772A03986D00F878EB /* Assets.xcassets */; };
		99207D7B2A03986D00F878EB /* LaunchScreen.storyboard in Resources */ = {isa = PBXBuildFile; fileRef = 99207D792A03986D00F878EB /* LaunchScreen.storyboard */; };
		99207D7E2A03986D00F878EB /* main.m in Sources */ = {isa = PBXBuildFile; fileRef = 99207D7D2A03986D00F878EB /* main.m */; };
		99207D8F2A039BD000F878EB /* AntiAntiDebug.m in Sources */ = {isa = PBXBuildFile; fileRef = 99207D892A039BD000F878EB /* AntiAntiDebug.m */; };
		99207D902A039BD000F878EB /* fishhook.c in Sources */ = {isa = PBXBuildFile; fileRef = 99207D8B2A039BD000F878EB /* fishhook.c */; };
/* End PBXBuildFile section */

/* Begin PBXFileReference section */
		99207D682A03986A00F878EB /* AntiDebugAndAntiAntiDebug.app */ = {isa = PBXFileReference; explicitFileType = wrapper.application; includeInIndex = 0; path = AntiDebugAndAntiAntiDebug.app; sourceTree = BUILT_PRODUCTS_DIR; };
		99207D6B2A03986A00F878EB /* AppDelegate.h */ = {isa = PBXFileReference; lastKnownFileType = sourcecode.c.h; path = AppDelegate.h; sourceTree = "<group>"; };
		99207D6C2A03986A00F878EB /* AppDelegate.m */ = {isa = PBXFileReference; lastKnownFileType = sourcecode.c.objc; path = AppDelegate.m; sourceTree = "<group>"; };
		99207D712A03986A00F878EB /* ViewController.h */ = {isa = PBXFileReference; lastKnownFileType = sourcecode.c.h; path = ViewController.h; sourceTree = "<group>"; };
		99207D722A03986A00F878EB /* ViewController.m */ = {isa = PBXFileReference; lastKnownFileType = sourcecode.c.objc; path = ViewController.m; sourceTree = "<group>"; };
		99207D772A03986D00F878EB /* Assets.xcassets */ = {isa = PBXFileReference; lastKnownFileType = folder.assetcatalog; path = Assets.xcassets; sourceTree = "<group>"; };
		99207D7A2A03986D00F878EB /* Base */ = {isa = PBXFileReference; lastKnownFileType = file.storyboard; name = Base; path = Base.lproj/LaunchScreen.storyboard; sourceTree = "<group>"; };
		99207D7C2A03986D00F878EB /* Info.plist */ = {isa = PBXFileReference; lastKnownFileType = text.plist.xml; path = Info.plist; sourceTree = "<group>"; };
		99207D7D2A03986D00F878EB /* main.m */ = {isa = PBXFileReference; lastKnownFileType = sourcecode.c.objc; path = main.m; sourceTree = "<group>"; };
		99207D892A039BD000F878EB /* AntiAntiDebug.m */ = {isa = PBXFileReference; fileEncoding = 4; lastKnownFileType = sourcecode.c.objc; path = AntiAntiDebug.m; sourceTree = "<group>"; };
		99207D8B2A039BD000F878EB /* fishhook.c */ = {isa = PBXFileReference; fileEncoding = 4; lastKnownFileType = sourcecode.c.c; path = fishhook.c; sourceTree = "<group>"; };
		99207D8C2A039BD000F878EB /* fishhook.h */ = {isa = PBXFileReference; fileEncoding = 4; lastKnownFileType = sourcecode.c.h; path = fishhook.h; sourceTree = "<group>"; };
		99207D8D2A039BD000F878EB /* AntiAntiDebug.h */ = {isa = PBXFileReference; fileEncoding = 4; lastKnownFileType = sourcecode.c.h; path = AntiAntiDebug.h; sourceTree = "<group>"; };
		99207D8E2A039BD000F878EB /* PtraceHeader.h */ = {isa = PBXFileReference; fileEncoding = 4; lastKnownFileType = sourcecode.c.h; path = PtraceHeader.h; sourceTree = "<group>"; };
/* End PBXFileReference section */

/* Begin PBXFrameworksBuildPhase section */
		99207D652A03986A00F878EB /* Frameworks */ = {
			isa = PBXFrameworksBuildPhase;
			buildActionMask = 2147483647;
			files = (
			);
			runOnlyForDeploymentPostprocessing = 0;
		};
/* End PBXFrameworksBuildPhase section */

/* Begin PBXGroup section */
		99207D5F2A03986A00F878EB = {
			isa = PBXGroup;
			children = (
				99207D6A2A03986A00F878EB /* AntiDebugAndAntiAntiDebug */,
				99207D692A03986A00F878EB /* Products */,
			);
			sourceTree = "<group>";
		};
		99207D692A03986A00F878EB /* Products */ = {
			isa = PBXGroup;
			children = (
				99207D682A03986A00F878EB /* AntiDebugAndAntiAntiDebug.app */,
			);
			name = Products;
			sourceTree = "<group>";
		};
		99207D6A2A03986A00F878EB /* AntiDebugAndAntiAntiDebug */ = {
			isa = PBXGroup;
			children = (
				99207D882A039BD000F878EB /* Source */,
				99207D6B2A03986A00F878EB /* AppDelegate.h */,
				99207D6C2A03986A00F878EB /* AppDelegate.m */,
				99207D712A03986A00F878EB /* ViewController.h */,
				99207D722A03986A00F878EB /* ViewController.m */,
				99207D772A03986D00F878EB /* Assets.xcassets */,
				99207D792A03986D00F878EB /* LaunchScreen.storyboard */,
				99207D7C2A03986D00F878EB /* Info.plist */,
				99207D7D2A03986D00F878EB /* main.m */,
			);
			path = AntiDebugAndAntiAntiDebug;
			sourceTree = "<group>";
		};
		99207D882A039BD000F878EB /* Source */ = {
			isa = PBXGroup;
			children = (
				99207D8D2A039BD000F878EB /* AntiAntiDebug.h */,
				99207D892A039BD000F878EB /* AntiAntiDebug.m */,
				99207D8A2A039BD000F878EB /* fishhook */,
				99207D8E2A039BD000F878EB /* PtraceHeader.h */,
			);
			path = Source;
			sourceTree = "<group>";
		};
		99207D8A2A039BD000F878EB /* fishhook */ = {
			isa = PBXGroup;
			children = (
				99207D8B2A039BD000F878EB /* fishhook.c */,
				99207D8C2A039BD000F878EB /* fishhook.h */,
			);
			path = fishhook;
			sourceTree = "<group>";
		};
/* End PBXGroup section */

/* Begin PBXNativeTarget section */
		99207D672A03986A00F878EB /* AntiDebugAndAntiAntiDebug */ = {
			isa = PBXNativeTarget;
			buildConfigurationList = 99207D812A03986D00F878EB /* Build configuration list for PBXNativeTarget "AntiDebugAndAntiAntiDebug" */;
			buildPhases = (
				99207D642A03986A00F878EB /* Sources */,
				99207D652A03986A00F878EB /* Frameworks */,
				99207D662A03986A00F878EB /* Resources */,
			);
			buildRules = (
			);
			dependencies = (
			);
			name = AntiDebugAndAntiAntiDebug;
			productName = AntiDebugAndAntiAntiDebug;
			productReference = 99207D682A03986A00F878EB /* AntiDebugAndAntiAntiDebug.app */;
			productType = "com.apple.product-type.application";
		};
/* End PBXNativeTarget section */

/* Begin PBXProject section */
		99207D602A03986A00F878EB /* Project object */ = {
			isa = PBXProject;
			attributes = {
				BuildIndependentTargetsInParallel = 1;
				LastUpgradeCheck = 1320;
				TargetAttributes = {
					99207D672A03986A00F878EB = {
						CreatedOnToolsVersion = 13.2.1;
					};
				};
			};
			buildConfigurationList = 99207D632A03986A00F878EB /* Build configuration list for PBXProject "AntiDebugAndAntiAntiDebug" */;
			compatibilityVersion = "Xcode 13.0";
			developmentRegion = en;
			hasScannedForEncodings = 0;
			knownRegions = (
				en,
				Base,
			);
			mainGroup = 99207D5F2A03986A00F878EB;
			productRefGroup = 99207D692A03986A00F878EB /* Products */;
			projectDirPath = "";
			projectRoot = "";
			targets = (
				99207D672A03986A00F878EB /* AntiDebugAndAntiAntiDebug */,
			);
		};
/* End PBXProject section */

/* Begin PBXResourcesBuildPhase section */
		99207D662A03986A00F878EB /* Resources */ = {
			isa = PBXResourcesBuildPhase;
			buildActionMask = 2147483647;
			files = (
				99207D7B2A03986D00F878EB /* LaunchScreen.storyboard in Resources */,
				99207D782A03986D00F878EB /* Assets.xcassets in Resources */,
			);
			runOnlyForDeploymentPostprocessing = 0;
		};
/* End PBXResourcesBuildPhase section */

/* Begin PBXSourcesBuildPhase section */
		99207D642A03986A00F878EB /* Sources */ = {
			isa = PBXSourcesBuildPhase;
			buildActionMask = 2147483647;
			files = (
				99207D732A03986A00F878EB /* ViewController.m in Sources */,
				99207D902A039BD000F878EB /* fishhook.c in Sources */,
				99207D6D2A03986A00F878EB /* AppDelegate.m in Sources */,
				99207D8F2A039BD000F878EB /* AntiAntiDebug.m in Sources */,
				99207D7E2A03986D00F878EB /* main.m in Sources */,
			);
			runOnlyForDeploymentPostprocessing = 0;
		};
/* End PBXSourcesBuildPhase section */

/* Begin PBXVariantGroup section */
		99207D792A03986D00F878EB /* LaunchScreen.storyboard */ = {
			isa = PBXVariantGroup;
			children = (
				99207D7A2A03986D00F878EB /* Base */,
			);
			name = LaunchScreen.storyboard;
			sourceTree = "<group>";
		};
/* End PBXVariantGroup section */

/* Begin XCBuildConfiguration section */
		99207D7F2A03986D00F878EB /* Debug */ = {
			isa = XCBuildConfiguration;
			buildSettings = {
				ALWAYS_SEARCH_USER_PATHS = NO;
				CLANG_ANALYZER_NONNULL = YES;
				CLANG_ANALYZER_NUMBER_OBJECT_CONVERSION = YES_AGGRESSIVE;
				CLANG_CXX_LANGUAGE_STANDARD = "gnu++17";
				CLANG_CXX_LIBRARY = "libc++";
				CLANG_ENABLE_MODULES = YES;
				CLANG_ENABLE_OBJC_ARC = YES;
				CLANG_ENABLE_OBJC_WEAK = YES;
				CLANG_WARN_BLOCK_CAPTURE_AUTORELEASING = YES;
				CLANG_WARN_BOOL_CONVERSION = YES;
				CLANG_WARN_COMMA = YES;
				CLANG_WARN_CONSTANT_CONVERSION = YES;
				CLANG_WARN_DEPRECATED_OBJC_IMPLEMENTATIONS = YES;
				CLANG_WARN_DIRECT_OBJC_ISA_USAGE = YES_ERROR;
				CLANG_WARN_DOCUMENTATION_COMMENTS = YES;
				CLANG_WARN_EMPTY_BODY = YES;
				CLANG_WARN_ENUM_CONVERSION = YES;
				CLANG_WARN_INFINITE_RECURSION = YES;
				CLANG_WARN_INT_CONVERSION = YES;
				CLANG_WARN_NON_LITERAL_NULL_CONVERSION = YES;
				CLANG_WARN_OBJC_IMPLICIT_RETAIN_SELF = YES;
				CLANG_WARN_OBJC_LITERAL_CONVERSION = YES;
				CLANG_WARN_OBJC_ROOT_CLASS = YES_ERROR;
				CLANG_WARN_QUOTED_INCLUDE_IN_FRAMEWORK_HEADER = YES;
				CLANG_WARN_RANGE_LOOP_ANALYSIS = YES;
				CLANG_WARN_STRICT_PROTOTYPES = YES;
				CLANG_WARN_SUSPICIOUS_MOVE = YES;
				CLANG_WARN_UNGUARDED_AVAILABILITY = YES_AGGRESSIVE;
				CLANG_WARN_UNREACHABLE_CODE = YES;
				CLANG_WARN__DUPLICATE_METHOD_MATCH = YES;
				COPY_PHASE_STRIP = NO;
				DEBUG_INFORMATION_FORMAT = dwarf;
				ENABLE_STRICT_OBJC_MSGSEND = YES;
				ENABLE_TESTABILITY = YES;
				GCC_C_LANGUAGE_STANDARD = gnu11;
				GCC_DYNAMIC_NO_PIC = NO;
				GCC_NO_COMMON_BLOCKS = YES;
				GCC_OPTIMIZATION_LEVEL = 0;
				GCC_PREPROCESSOR_DEFINITIONS = (
					"DEBUG=1",
					"$(inherited)",
				);
				GCC_WARN_64_TO_32_BIT_CONVERSION = YES;
				GCC_WARN_ABOUT_RETURN_TYPE = YES_ERROR;
				GCC_WARN_UNDECLARED_SELECTOR = YES;
				GCC_WARN_UNINITIALIZED_AUTOS = YES_AGGRESSIVE;
				GCC_WARN_UNUSED_FUNCTION = YES;
				GCC_WARN_UNUSED_VARIABLE = YES;
				IPHONEOS_DEPLOYMENT_TARGET = 9.0;
				MTL_ENABLE_DEBUG_INFO = INCLUDE_SOURCE;
				MTL_FAST_MATH = YES;
				ONLY_ACTIVE_ARCH = YES;
				SDKROOT = iphoneos;
			};
			name = Debug;
		};
		99207D802A03986D00F878EB /* Release */ = {
			isa = XCBuildConfiguration;
			buildSettings = {
				ALWAYS_SEARCH_USER_PATHS = NO;
				CLANG_ANALYZER_NONNULL = YES;
				CLANG_ANALYZER_NUMBER_OBJECT_CONVERSION = YES_AGGRESSIVE;
				CLANG_CXX_LANGUAGE_STANDARD = "gnu++17";
				CLANG_CXX_LIBRARY = "libc++";
				CLANG_ENABLE_MODULES = YES;
				CLANG_ENABLE_OBJC_ARC = YES;
				CLANG_ENABLE_OBJC_WEAK = YES;
				CLANG_WARN_BLOCK_CAPTURE_AUTORELEASING = YES;
				CLANG_WARN_BOOL_CONVERSION = YES;
				CLANG_WARN_COMMA = YES;
				CLANG_WARN_CONSTANT_CONVERSION = YES;
				CLANG_WARN_DEPRECATED_OBJC_IMPLEMENTATIONS = YES;
				CLANG_WARN_DIRECT_OBJC_ISA_USAGE = YES_ERROR;
				CLANG_WARN_DOCUMENTATION_COMMENTS = YES;
				CLANG_WARN_EMPTY_BODY = YES;
				CLANG_WARN_ENUM_CONVERSION = YES;
				CLANG_WARN_INFINITE_RECURSION = YES;
				CLANG_WARN_INT_CONVERSION = YES;
				CLANG_WARN_NON_LITERAL_NULL_CONVERSION = YES;
				CLANG_WARN_OBJC_IMPLICIT_RETAIN_SELF = YES;
				CLANG_WARN_OBJC_LITERAL_CONVERSION = YES;
				CLANG_WARN_OBJC_ROOT_CLASS = YES_ERROR;
				CLANG_WARN_QUOTED_INCLUDE_IN_FRAMEWORK_HEADER = YES;
				CLANG_WARN_RANGE_LOOP_ANALYSIS = YES;
				CLANG_WARN_STRICT_PROTOTYPES = YES;
				CLANG_WARN_SUSPICIOUS_MOVE = YES;
				CLANG_WARN_UNGUARDED_AVAILABILITY = YES_AGGRESSIVE;
				CLANG_WARN_UNREACHABLE_CODE = YES;
				CLANG_WARN__DUPLICATE_METHOD_MATCH = YES;
				COPY_PHASE_STRIP = NO;
				DEBUG_INFORMATION_FORMAT = "dwarf-with-dsym";
				ENABLE_NS_ASSERTIONS = NO;
				ENABLE_STRICT_OBJC_MSGSEND = YES;
				GCC_C_LANGUAGE_STANDARD = gnu11;
				GCC_NO_COMMON_BLOCKS = YES;
				GCC_WARN_64_TO_32_BIT_CONVERSION = YES;
				GCC_WARN_ABOUT_RETURN_TYPE = YES_ERROR;
				GCC_WARN_UNDECLARED_SELECTOR = YES;
				GCC_WARN_UNINITIALIZED_AUTOS = YES_AGGRESSIVE;
				GCC_WARN_UNUSED_FUNCTION = YES;
				GCC_WARN_UNUSED_VARIABLE = YES;
				IPHONEOS_DEPLOYMENT_TARGET = 9.0;
				MTL_ENABLE_DEBUG_INFO = NO;
				MTL_FAST_MATH = YES;
				SDKROOT = iphoneos;
				VALIDATE_PRODUCT = YES;
			};
			name = Release;
		};
		99207D822A03986D00F878EB /* Debug */ = {
			isa = XCBuildConfiguration;
			buildSettings = {
				ASSETCATALOG_COMPILER_APPICON_NAME = AppIcon;
				ASSETCATALOG_COMPILER_GLOBAL_ACCENT_COLOR_NAME = AccentColor;
				CODE_SIGN_STYLE = Automatic;
				CURRENT_PROJECT_VERSION = 1;
				DEVELOPMENT_TEAM = JDKH36YQ54;
				GENERATE_INFOPLIST_FILE = YES;
				INFOPLIST_FILE = AntiDebugAndAntiAntiDebug/Info.plist;
				INFOPLIST_KEY_CFBundleDisplayName = "反调试测试";
				INFOPLIST_KEY_UIApplicationSupportsIndirectInputEvents = YES;
				INFOPLIST_KEY_UILaunchStoryboardName = LaunchScreen;
				INFOPLIST_KEY_UISupportedInterfaceOrientations_iPad = "UIInterfaceOrientationPortrait UIInterfaceOrientationPortraitUpsideDown UIInterfaceOrientationLandscapeLeft UIInterfaceOrientationLandscapeRight";
				INFOPLIST_KEY_UISupportedInterfaceOrientations_iPhone = "UIInterfaceOrientationPortrait UIInterfaceOrientationLandscapeLeft UIInterfaceOrientationLandscapeRight";
				LD_RUNPATH_SEARCH_PATHS = (
					"$(inherited)",
					"@executable_path/Frameworks",
				);
				MARKETING_VERSION = 1.0;
				PRODUCT_BUNDLE_IDENTIFIER = com.qixin.AntiDebugAndAntiAntiDebug;
				PRODUCT_NAME = "$(TARGET_NAME)";
				SWIFT_EMIT_LOC_STRINGS = YES;
				TARGETED_DEVICE_FAMILY = "1,2";
			};
			name = Debug;
		};
		99207D832A03986D00F878EB /* Release */ = {
			isa = XCBuildConfiguration;
			buildSettings = {
				ASSETCATALOG_COMPILER_APPICON_NAME = AppIcon;
				ASSETCATALOG_COMPILER_GLOBAL_ACCENT_COLOR_NAME = AccentColor;
				CODE_SIGN_STYLE = Automatic;
				CURRENT_PROJECT_VERSION = 1;
				DEVELOPMENT_TEAM = JDKH36YQ54;
				GENERATE_INFOPLIST_FILE = YES;
				INFOPLIST_FILE = AntiDebugAndAntiAntiDebug/Info.plist;
				INFOPLIST_KEY_CFBundleDisplayName = "反调试测试";
				INFOPLIST_KEY_UIApplicationSupportsIndirectInputEvents = YES;
				INFOPLIST_KEY_UILaunchStoryboardName = LaunchScreen;
				INFOPLIST_KEY_UISupportedInterfaceOrientations_iPad = "UIInterfaceOrientationPortrait UIInterfaceOrientationPortraitUpsideDown UIInterfaceOrientationLandscapeLeft UIInterfaceOrientationLandscapeRight";
				INFOPLIST_KEY_UISupportedInterfaceOrientations_iPhone = "UIInterfaceOrientationPortrait UIInterfaceOrientationLandscapeLeft UIInterfaceOrientationLandscapeRight";
				LD_RUNPATH_SEARCH_PATHS = (
					"$(inherited)",
					"@executable_path/Frameworks",
				);
				MARKETING_VERSION = 1.0;
				PRODUCT_BUNDLE_IDENTIFIER = com.qixin.AntiDebugAndAntiAntiDebug;
				PRODUCT_NAME = "$(TARGET_NAME)";
				SWIFT_EMIT_LOC_STRINGS = YES;
				TARGETED_DEVICE_FAMILY = "1,2";
			};
			name = Release;
		};
/* End XCBuildConfiguration section */

/* Begin XCConfigurationList section */
		99207D632A03986A00F878EB /* Build configuration list for PBXProject "AntiDebugAndAntiAntiDebug" */ = {
			isa = XCConfigurationList;
			buildConfigurations = (
				99207D7F2A03986D00F878EB /* Debug */,
				99207D802A03986D00F878EB /* Release */,
			);
			defaultConfigurationIsVisible = 0;
			defaultConfigurationName = Release;
		};
		99207D812A03986D00F878EB /* Build configuration list for PBXNativeTarget "AntiDebugAndAntiAntiDebug" */ = {
			isa = XCConfigurationList;
			buildConfigurations = (
				99207D822A03986D00F878EB /* Debug */,
				99207D832A03986D00F878EB /* Release */,
			);
			defaultConfigurationIsVisible = 0;
			defaultConfigurationName = Release;
		};
/* End XCConfigurationList section */
	};
	rootObject = 99207D602A03986A00F878EB /* Project object */;
}
